// !$*UTF8*$!
{
	archiveVersion = 1;
	classes = {
	};
	objectVersion = 46;
	objects = {

/* Begin PBXBuildFile section */
		6FB3C73A0EE7FE0CD806B5D2 /* libPods-WeexStarterKit.a in Frameworks */ = {isa = PBXBuildFile; fileRef = 65BEA20646454CAF7AB83BDF /* libPods-WeexStarterKit.a */; };
		E4585BAA1E4C153B00EE170E /* main.m in Sources */ = {isa = PBXBuildFile; fileRef = E4585BA91E4C153B00EE170E /* main.m */; };
		E4585BAD1E4C153B00EE170E /* AppDelegate.m in Sources */ = {isa = PBXBuildFile; fileRef = E4585BAC1E4C153B00EE170E /* AppDelegate.m */; };
		E4585BB01E4C153B00EE170E /* ViewController.m in Sources */ = {isa = PBXBuildFile; fileRef = E4585BAF1E4C153B00EE170E /* ViewController.m */; };
		E4585BB31E4C153B00EE170E /* Main.storyboard in Resources */ = {isa = PBXBuildFile; fileRef = E4585BB11E4C153B00EE170E /* Main.storyboard */; };
		E4585BB51E4C153B00EE170E /* Assets.xcassets in Resources */ = {isa = PBXBuildFile; fileRef = E4585BB41E4C153B00EE170E /* Assets.xcassets */; };
		E4585BB81E4C153B00EE170E /* LaunchScreen.storyboard in Resources */ = {isa = PBXBuildFile; fileRef = E4585BB61E4C153B00EE170E /* LaunchScreen.storyboard */; };
		E4585BC31E4C153B00EE170E /* WeexStarterKitTests.m in Sources */ = {isa = PBXBuildFile; fileRef = E4585BC21E4C153B00EE170E /* WeexStarterKitTests.m */; };
		E4585BCE1E4C153B00EE170E /* WeexStarterKitUITests.m in Sources */ = {isa = PBXBuildFile; fileRef = E4585BCD1E4C153B00EE170E /* WeexStarterKitUITests.m */; };
		E4585BE11E4C229100EE170E /* index.js in Resources */ = {isa = PBXBuildFile; fileRef = E4585BE01E4C229100EE170E /* index.js */; };
		E4585BE51E4C30EE00EE170E /* WXImgLoaderDefaultImpl.m in Sources */ = {isa = PBXBuildFile; fileRef = E4585BE41E4C30EE00EE170E /* WXImgLoaderDefaultImpl.m */; };
		E4585BEA1E4C31DF00EE170E /* WXEventModule.m in Sources */ = {isa = PBXBuildFile; fileRef = E4585BE91E4C31DF00EE170E /* WXEventModule.m */; };
		E605658C8EE881A8AC305D7C /* libPods-WeexStarterKitUITests.a in Frameworks */ = {isa = PBXBuildFile; fileRef = 2096CB2242FCA0459F4913B5 /* libPods-WeexStarterKitUITests.a */; };
/* End PBXBuildFile section */

/* Begin PBXContainerItemProxy section */
		E4585BBF1E4C153B00EE170E /* PBXContainerItemProxy */ = {
			isa = PBXContainerItemProxy;
			containerPortal = E4585B9D1E4C153B00EE170E /* Project object */;
			proxyType = 1;
			remoteGlobalIDString = E4585BA41E4C153B00EE170E;
			remoteInfo = WeexStarterKit;
		};
		E4585BCA1E4C153B00EE170E /* PBXContainerItemProxy */ = {
			isa = PBXContainerItemProxy;
			containerPortal = E4585B9D1E4C153B00EE170E /* Project object */;
			proxyType = 1;
			remoteGlobalIDString = E4585BA41E4C153B00EE170E;
			remoteInfo = WeexStarterKit;
		};
/* End PBXContainerItemProxy section */

/* Begin PBXFileReference section */
		2096CB2242FCA0459F4913B5 /* libPods-WeexStarterKitUITests.a */ = {isa = PBXFileReference; explicitFileType = archive.ar; includeInIndex = 0; path = "libPods-WeexStarterKitUITests.a"; sourceTree = BUILT_PRODUCTS_DIR; };
		46FF74D2DF732F64FC05ED90 /* Pods-WeexStarterKit.release.xcconfig */ = {isa = PBXFileReference; includeInIndex = 1; lastKnownFileType = text.xcconfig; name = "Pods-WeexStarterKit.release.xcconfig"; path = "Pods/Target Support Files/Pods-WeexStarterKit/Pods-WeexStarterKit.release.xcconfig"; sourceTree = "<group>"; };
		65BEA20646454CAF7AB83BDF /* libPods-WeexStarterKit.a */ = {isa = PBXFileReference; explicitFileType = archive.ar; includeInIndex = 0; path = "libPods-WeexStarterKit.a"; sourceTree = BUILT_PRODUCTS_DIR; };
		660C589372DCD9F9ACBC3010 /* Pods-WeexStarterKitUITests.debug.xcconfig */ = {isa = PBXFileReference; includeInIndex = 1; lastKnownFileType = text.xcconfig; name = "Pods-WeexStarterKitUITests.debug.xcconfig"; path = "Pods/Target Support Files/Pods-WeexStarterKitUITests/Pods-WeexStarterKitUITests.debug.xcconfig"; sourceTree = "<group>"; };
		77A6BDD26C1F4F76AB3A08CD /* Pods-WeexStarterKit.debug.xcconfig */ = {isa = PBXFileReference; includeInIndex = 1; lastKnownFileType = text.xcconfig; name = "Pods-WeexStarterKit.debug.xcconfig"; path = "Pods/Target Support Files/Pods-WeexStarterKit/Pods-WeexStarterKit.debug.xcconfig"; sourceTree = "<group>"; };
		E4585BA51E4C153B00EE170E /* WeexStarterKit.app */ = {isa = PBXFileReference; explicitFileType = wrapper.application; includeInIndex = 0; path = WeexStarterKit.app; sourceTree = BUILT_PRODUCTS_DIR; };
		E4585BA91E4C153B00EE170E /* main.m */ = {isa = PBXFileReference; lastKnownFileType = sourcecode.c.objc; path = main.m; sourceTree = "<group>"; };
		E4585BAB1E4C153B00EE170E /* AppDelegate.h */ = {isa = PBXFileReference; lastKnownFileType = sourcecode.c.h; path = AppDelegate.h; sourceTree = "<group>"; };
		E4585BAC1E4C153B00EE170E /* AppDelegate.m */ = {isa = PBXFileReference; lastKnownFileType = sourcecode.c.objc; path = AppDelegate.m; sourceTree = "<group>"; };
		E4585BAE1E4C153B00EE170E /* ViewController.h */ = {isa = PBXFileReference; lastKnownFileType = sourcecode.c.h; path = ViewController.h; sourceTree = "<group>"; };
		E4585BAF1E4C153B00EE170E /* ViewController.m */ = {isa = PBXFileReference; lastKnownFileType = sourcecode.c.objc; path = ViewController.m; sourceTree = "<group>"; };
		E4585BB21E4C153B00EE170E /* Base */ = {isa = PBXFileReference; lastKnownFileType = file.storyboard; name = Base; path = Base.lproj/Main.storyboard; sourceTree = "<group>"; };
		E4585BB41E4C153B00EE170E /* Assets.xcassets */ = {isa = PBXFileReference; lastKnownFileType = folder.assetcatalog; path = Assets.xcassets; sourceTree = "<group>"; };
		E4585BB71E4C153B00EE170E /* Base */ = {isa = PBXFileReference; lastKnownFileType = file.storyboard; name = Base; path = Base.lproj/LaunchScreen.storyboard; sourceTree = "<group>"; };
		E4585BB91E4C153B00EE170E /* Info.plist */ = {isa = PBXFileReference; lastKnownFileType = text.plist.xml; path = Info.plist; sourceTree = "<group>"; };
		E4585BBE1E4C153B00EE170E /* WeexStarterKitTests.xctest */ = {isa = PBXFileReference; explicitFileType = wrapper.cfbundle; includeInIndex = 0; path = WeexStarterKitTests.xctest; sourceTree = BUILT_PRODUCTS_DIR; };
		E4585BC21E4C153B00EE170E /* WeexStarterKitTests.m */ = {isa = PBXFileReference; lastKnownFileType = sourcecode.c.objc; path = WeexStarterKitTests.m; sourceTree = "<group>"; };
		E4585BC41E4C153B00EE170E /* Info.plist */ = {isa = PBXFileReference; lastKnownFileType = text.plist.xml; path = Info.plist; sourceTree = "<group>"; };
		E4585BC91E4C153B00EE170E /* WeexStarterKitUITests.xctest */ = {isa = PBXFileReference; explicitFileType = wrapper.cfbundle; includeInIndex = 0; path = WeexStarterKitUITests.xctest; sourceTree = BUILT_PRODUCTS_DIR; };
		E4585BCD1E4C153B00EE170E /* WeexStarterKitUITests.m */ = {isa = PBXFileReference; lastKnownFileType = sourcecode.c.objc; path = WeexStarterKitUITests.m; sourceTree = "<group>"; };
		E4585BCF1E4C153B00EE170E /* Info.plist */ = {isa = PBXFileReference; lastKnownFileType = text.plist.xml; path = Info.plist; sourceTree = "<group>"; };
		E4585BE01E4C229100EE170E /* index.js */ = {isa = PBXFileReference; fileEncoding = 4; lastKnownFileType = sourcecode.javascript; name = index.js; path = assets/index.js; sourceTree = "<group>"; };
		E4585BE41E4C30EE00EE170E /* WXImgLoaderDefaultImpl.m */ = {isa = PBXFileReference; fileEncoding = 4; lastKnownFileType = sourcecode.c.objc; path = WXImgLoaderDefaultImpl.m; sourceTree = "<group>"; };
		E4585BE61E4C310B00EE170E /* WXImgLoaderDefaultImpl.h */ = {isa = PBXFileReference; lastKnownFileType = sourcecode.c.h; path = WXImgLoaderDefaultImpl.h; sourceTree = "<group>"; };
		E4585BE81E4C31DF00EE170E /* WXEventModule.h */ = {isa = PBXFileReference; fileEncoding = 4; lastKnownFileType = sourcecode.c.h; path = WXEventModule.h; sourceTree = "<group>"; };
		E4585BE91E4C31DF00EE170E /* WXEventModule.m */ = {isa = PBXFileReference; fileEncoding = 4; lastKnownFileType = sourcecode.c.objc; path = WXEventModule.m; sourceTree = "<group>"; };
		F435256BD5671FF4B0E5C5EC /* Pods-WeexStarterKitUITests.release.xcconfig */ = {isa = PBXFileReference; includeInIndex = 1; lastKnownFileType = text.xcconfig; name = "Pods-WeexStarterKitUITests.release.xcconfig"; path = "Pods/Target Support Files/Pods-WeexStarterKitUITests/Pods-WeexStarterKitUITests.release.xcconfig"; sourceTree = "<group>"; };
/* End PBXFileReference section */

/* Begin PBXFrameworksBuildPhase section */
		E4585BA21E4C153B00EE170E /* Frameworks */ = {
			isa = PBXFrameworksBuildPhase;
			buildActionMask = 2147483647;
			files = (
				6FB3C73A0EE7FE0CD806B5D2 /* libPods-WeexStarterKit.a in Frameworks */,
			);
			runOnlyForDeploymentPostprocessing = 0;
		};
		E4585BBB1E4C153B00EE170E /* Frameworks */ = {
			isa = PBXFrameworksBuildPhase;
			buildActionMask = 2147483647;
			files = (
			);
			runOnlyForDeploymentPostprocessing = 0;
		};
		E4585BC61E4C153B00EE170E /* Frameworks */ = {
			isa = PBXFrameworksBuildPhase;
			buildActionMask = 2147483647;
			files = (
				E605658C8EE881A8AC305D7C /* libPods-WeexStarterKitUITests.a in Frameworks */,
			);
			runOnlyForDeploymentPostprocessing = 0;
		};
/* End PBXFrameworksBuildPhase section */

/* Begin PBXGroup section */
		7626B337D41FBE42B11FC189 /* Pods */ = {
			isa = PBXGroup;
			children = (
				77A6BDD26C1F4F76AB3A08CD /* Pods-WeexStarterKit.debug.xcconfig */,
				46FF74D2DF732F64FC05ED90 /* Pods-WeexStarterKit.release.xcconfig */,
				660C589372DCD9F9ACBC3010 /* Pods-WeexStarterKitUITests.debug.xcconfig */,
				F435256BD5671FF4B0E5C5EC /* Pods-WeexStarterKitUITests.release.xcconfig */,
			);
			name = Pods;
			sourceTree = "<group>";
		};
		D941E4308F558346658A2E0D /* Frameworks */ = {
			isa = PBXGroup;
			children = (
				65BEA20646454CAF7AB83BDF /* libPods-WeexStarterKit.a */,
				2096CB2242FCA0459F4913B5 /* libPods-WeexStarterKitUITests.a */,
			);
			name = Frameworks;
			sourceTree = "<group>";
		};
		E4585B9C1E4C153B00EE170E = {
			isa = PBXGroup;
			children = (
				E4585BDF1E4C226D00EE170E /* assets */,
				E4585BA71E4C153B00EE170E /* WeexStarterKit */,
				E4585BC11E4C153B00EE170E /* WeexStarterKitTests */,
				E4585BCC1E4C153B00EE170E /* WeexStarterKitUITests */,
				E4585BA61E4C153B00EE170E /* Products */,
				7626B337D41FBE42B11FC189 /* Pods */,
				D941E4308F558346658A2E0D /* Frameworks */,
			);
			sourceTree = "<group>";
		};
		E4585BA61E4C153B00EE170E /* Products */ = {
			isa = PBXGroup;
			children = (
				E4585BA51E4C153B00EE170E /* WeexStarterKit.app */,
				E4585BBE1E4C153B00EE170E /* WeexStarterKitTests.xctest */,
				E4585BC91E4C153B00EE170E /* WeexStarterKitUITests.xctest */,
			);
			name = Products;
			sourceTree = "<group>";
		};
		E4585BA71E4C153B00EE170E /* WeexStarterKit */ = {
			isa = PBXGroup;
			children = (
				E4585BE21E4C30B800EE170E /* extend */,
				E4585BAB1E4C153B00EE170E /* AppDelegate.h */,
				E4585BAC1E4C153B00EE170E /* AppDelegate.m */,
				E4585BAE1E4C153B00EE170E /* ViewController.h */,
				E4585BAF1E4C153B00EE170E /* ViewController.m */,
				E4585BB11E4C153B00EE170E /* Main.storyboard */,
				E4585BB41E4C153B00EE170E /* Assets.xcassets */,
				E4585BB61E4C153B00EE170E /* LaunchScreen.storyboard */,
				E4585BB91E4C153B00EE170E /* Info.plist */,
				E4585BA81E4C153B00EE170E /* Supporting Files */,
			);
			path = WeexStarterKit;
			sourceTree = "<group>";
		};
		E4585BA81E4C153B00EE170E /* Supporting Files */ = {
			isa = PBXGroup;
			children = (
				E4585BA91E4C153B00EE170E /* main.m */,
			);
			name = "Supporting Files";
			sourceTree = "<group>";
		};
		E4585BC11E4C153B00EE170E /* WeexStarterKitTests */ = {
			isa = PBXGroup;
			children = (
				E4585BC21E4C153B00EE170E /* WeexStarterKitTests.m */,
				E4585BC41E4C153B00EE170E /* Info.plist */,
			);
			path = WeexStarterKitTests;
			sourceTree = "<group>";
		};
		E4585BCC1E4C153B00EE170E /* WeexStarterKitUITests */ = {
			isa = PBXGroup;
			children = (
				E4585BCD1E4C153B00EE170E /* WeexStarterKitUITests.m */,
				E4585BCF1E4C153B00EE170E /* Info.plist */,
			);
			path = WeexStarterKitUITests;
			sourceTree = "<group>";
		};
		E4585BDF1E4C226D00EE170E /* assets */ = {
			isa = PBXGroup;
			children = (
				E4585BE01E4C229100EE170E /* index.js */,
			);
			name = assets;
			sourceTree = "<group>";
		};
		E4585BE21E4C30B800EE170E /* extend */ = {
			isa = PBXGroup;
			children = (
				E4585BE71E4C31C400EE170E /* module */,
				E4585BE31E4C30C400EE170E /* handler */,
			);
			name = extend;
			sourceTree = "<group>";
		};
		E4585BE31E4C30C400EE170E /* handler */ = {
			isa = PBXGroup;
			children = (
				E4585BE41E4C30EE00EE170E /* WXImgLoaderDefaultImpl.m */,
				E4585BE61E4C310B00EE170E /* WXImgLoaderDefaultImpl.h */,
			);
			name = handler;
			sourceTree = "<group>";
		};
		E4585BE71E4C31C400EE170E /* module */ = {
			isa = PBXGroup;
			children = (
				E4585BE81E4C31DF00EE170E /* WXEventModule.h */,
				E4585BE91E4C31DF00EE170E /* WXEventModule.m */,
			);
			name = module;
			sourceTree = "<group>";
		};
/* End PBXGroup section */

/* Begin PBXNativeTarget section */
		E4585BA41E4C153B00EE170E /* WeexStarterKit */ = {
			isa = PBXNativeTarget;
			buildConfigurationList = E4585BD21E4C153B00EE170E /* Build configuration list for PBXNativeTarget "WeexStarterKit" */;
			buildPhases = (
				AA2BC7A1DB1E7C1B488A7B87 /* [CP] Check Pods Manifest.lock */,
				E4585BA11E4C153B00EE170E /* Sources */,
				E4585BA21E4C153B00EE170E /* Frameworks */,
				E4585BA31E4C153B00EE170E /* Resources */,
				1D2320CA81E47BD2C4F40359 /* [CP] Embed Pods Frameworks */,
				2060BBFE0E42D568C92DCDD4 /* [CP] Copy Pods Resources */,
			);
			buildRules = (
			);
			dependencies = (
			);
			name = WeexStarterKit;
			productName = WeexStarterKit;
			productReference = E4585BA51E4C153B00EE170E /* WeexStarterKit.app */;
			productType = "com.apple.product-type.application";
		};
		E4585BBD1E4C153B00EE170E /* WeexStarterKitTests */ = {
			isa = PBXNativeTarget;
			buildConfigurationList = E4585BD51E4C153B00EE170E /* Build configuration list for PBXNativeTarget "WeexStarterKitTests" */;
			buildPhases = (
				E4585BBA1E4C153B00EE170E /* Sources */,
				E4585BBB1E4C153B00EE170E /* Frameworks */,
				E4585BBC1E4C153B00EE170E /* Resources */,
			);
			buildRules = (
			);
			dependencies = (
				E4585BC01E4C153B00EE170E /* PBXTargetDependency */,
			);
			name = WeexStarterKitTests;
			productName = WeexStarterKitTests;
			productReference = E4585BBE1E4C153B00EE170E /* WeexStarterKitTests.xctest */;
			productType = "com.apple.product-type.bundle.unit-test";
		};
		E4585BC81E4C153B00EE170E /* WeexStarterKitUITests */ = {
			isa = PBXNativeTarget;
			buildConfigurationList = E4585BD81E4C153B00EE170E /* Build configuration list for PBXNativeTarget "WeexStarterKitUITests" */;
			buildPhases = (
				31D8DAAECE13D241A0652C60 /* [CP] Check Pods Manifest.lock */,
				E4585BC51E4C153B00EE170E /* Sources */,
				E4585BC61E4C153B00EE170E /* Frameworks */,
				E4585BC71E4C153B00EE170E /* Resources */,
				6C1A88C221C99EF1CBF1FD72 /* [CP] Embed Pods Frameworks */,
				4BE45C7ECCC108A1F4B9C0F3 /* [CP] Copy Pods Resources */,
			);
			buildRules = (
			);
			dependencies = (
				E4585BCB1E4C153B00EE170E /* PBXTargetDependency */,
			);
			name = WeexStarterKitUITests;
			productName = WeexStarterKitUITests;
			productReference = E4585BC91E4C153B00EE170E /* WeexStarterKitUITests.xctest */;
			productType = "com.apple.product-type.bundle.ui-testing";
		};
/* End PBXNativeTarget section */

/* Begin PBXProject section */
		E4585B9D1E4C153B00EE170E /* Project object */ = {
			isa = PBXProject;
			attributes = {
				LastUpgradeCheck = 0900;
				ORGANIZATIONNAME = doabit;
				TargetAttributes = {
					E4585BA41E4C153B00EE170E = {
						CreatedOnToolsVersion = 8.2.1;
						DevelopmentTeam = E3N6UND2AV;
						ProvisioningStyle = Automatic;
					};
					E4585BBD1E4C153B00EE170E = {
						CreatedOnToolsVersion = 8.2.1;
						DevelopmentTeam = E3N6UND2AV;
						ProvisioningStyle = Automatic;
						TestTargetID = E4585BA41E4C153B00EE170E;
					};
					E4585BC81E4C153B00EE170E = {
						CreatedOnToolsVersion = 8.2.1;
						DevelopmentTeam = E3N6UND2AV;
						ProvisioningStyle = Automatic;
						TestTargetID = E4585BA41E4C153B00EE170E;
					};
				};
			};
			buildConfigurationList = E4585BA01E4C153B00EE170E /* Build configuration list for PBXProject "WeexStarterKit" */;
			compatibilityVersion = "Xcode 3.2";
			developmentRegion = English;
			hasScannedForEncodings = 0;
			knownRegions = (
				en,
				Base,
			);
			mainGroup = E4585B9C1E4C153B00EE170E;
			productRefGroup = E4585BA61E4C153B00EE170E /* Products */;
			projectDirPath = "";
			projectRoot = "";
			targets = (
				E4585BA41E4C153B00EE170E /* WeexStarterKit */,
				E4585BBD1E4C153B00EE170E /* WeexStarterKitTests */,
				E4585BC81E4C153B00EE170E /* WeexStarterKitUITests */,
			);
		};
/* End PBXProject section */

/* Begin PBXResourcesBuildPhase section */
		E4585BA31E4C153B00EE170E /* Resources */ = {
			isa = PBXResourcesBuildPhase;
			buildActionMask = 2147483647;
			files = (
				E4585BB81E4C153B00EE170E /* LaunchScreen.storyboard in Resources */,
				E4585BB51E4C153B00EE170E /* Assets.xcassets in Resources */,
				E4585BB31E4C153B00EE170E /* Main.storyboard in Resources */,
				E4585BE11E4C229100EE170E /* index.js in Resources */,
			);
			runOnlyForDeploymentPostprocessing = 0;
		};
		E4585BBC1E4C153B00EE170E /* Resources */ = {
			isa = PBXResourcesBuildPhase;
			buildActionMask = 2147483647;
			files = (
			);
			runOnlyForDeploymentPostprocessing = 0;
		};
		E4585BC71E4C153B00EE170E /* Resources */ = {
			isa = PBXResourcesBuildPhase;
			buildActionMask = 2147483647;
			files = (
			);
			runOnlyForDeploymentPostprocessing = 0;
		};
/* End PBXResourcesBuildPhase section */

/* Begin PBXShellScriptBuildPhase section */
		1D2320CA81E47BD2C4F40359 /* [CP] Embed Pods Frameworks */ = {
			isa = PBXShellScriptBuildPhase;
			buildActionMask = 2147483647;
			files = (
			);
			inputPaths = (
			);
			name = "[CP] Embed Pods Frameworks";
			outputPaths = (
			);
			runOnlyForDeploymentPostprocessing = 0;
			shellPath = /bin/sh;
			shellScript = "\"${SRCROOT}/Pods/Target Support Files/Pods-WeexStarterKit/Pods-WeexStarterKit-frameworks.sh\"\n";
			showEnvVarsInLog = 0;
		};
		2060BBFE0E42D568C92DCDD4 /* [CP] Copy Pods Resources */ = {
			isa = PBXShellScriptBuildPhase;
			buildActionMask = 2147483647;
			files = (
			);
			inputPaths = (
			);
			name = "[CP] Copy Pods Resources";
			outputPaths = (
			);
			runOnlyForDeploymentPostprocessing = 0;
			shellPath = /bin/sh;
			shellScript = "\"${SRCROOT}/Pods/Target Support Files/Pods-WeexStarterKit/Pods-WeexStarterKit-resources.sh\"\n";
			showEnvVarsInLog = 0;
		};
		31D8DAAECE13D241A0652C60 /* [CP] Check Pods Manifest.lock */ = {
			isa = PBXShellScriptBuildPhase;
			buildActionMask = 2147483647;
			files = (
			);
			inputPaths = (
			);
			name = "[CP] Check Pods Manifest.lock";
			outputPaths = (
			);
			runOnlyForDeploymentPostprocessing = 0;
			shellPath = /bin/sh;
			shellScript = "diff \"${PODS_ROOT}/../Podfile.lock\" \"${PODS_ROOT}/Manifest.lock\" > /dev/null\nif [ $? != 0 ] ; then\n    # print error to STDERR\n    echo \"error: The sandbox is not in sync with the Podfile.lock. Run 'pod install' or update your CocoaPods installation.\" >&2\n    exit 1\nfi\n";
			showEnvVarsInLog = 0;
		};
		4BE45C7ECCC108A1F4B9C0F3 /* [CP] Copy Pods Resources */ = {
			isa = PBXShellScriptBuildPhase;
			buildActionMask = 2147483647;
			files = (
			);
			inputPaths = (
			);
			name = "[CP] Copy Pods Resources";
			outputPaths = (
			);
			runOnlyForDeploymentPostprocessing = 0;
			shellPath = /bin/sh;
			shellScript = "\"${SRCROOT}/Pods/Target Support Files/Pods-WeexStarterKitUITests/Pods-WeexStarterKitUITests-resources.sh\"\n";
			showEnvVarsInLog = 0;
		};
		6C1A88C221C99EF1CBF1FD72 /* [CP] Embed Pods Frameworks */ = {
			isa = PBXShellScriptBuildPhase;
			buildActionMask = 2147483647;
			files = (
			);
			inputPaths = (
			);
			name = "[CP] Embed Pods Frameworks";
			outputPaths = (
			);
			runOnlyForDeploymentPostprocessing = 0;
			shellPath = /bin/sh;
			shellScript = "\"${SRCROOT}/Pods/Target Support Files/Pods-WeexStarterKitUITests/Pods-WeexStarterKitUITests-frameworks.sh\"\n";
			showEnvVarsInLog = 0;
		};
		AA2BC7A1DB1E7C1B488A7B87 /* [CP] Check Pods Manifest.lock */ = {
			isa = PBXShellScriptBuildPhase;
			buildActionMask = 2147483647;
			files = (
			);
			inputPaths = (
			);
			name = "[CP] Check Pods Manifest.lock";
			outputPaths = (
			);
			runOnlyForDeploymentPostprocessing = 0;
			shellPath = /bin/sh;
			shellScript = "diff \"${PODS_ROOT}/../Podfile.lock\" \"${PODS_ROOT}/Manifest.lock\" > /dev/null\nif [ $? != 0 ] ; then\n    # print error to STDERR\n    echo \"error: The sandbox is not in sync with the Podfile.lock. Run 'pod install' or update your CocoaPods installation.\" >&2\n    exit 1\nfi\n";
			showEnvVarsInLog = 0;
		};
/* End PBXShellScriptBuildPhase section */

/* Begin PBXSourcesBuildPhase section */
		E4585BA11E4C153B00EE170E /* Sources */ = {
			isa = PBXSourcesBuildPhase;
			buildActionMask = 2147483647;
			files = (
				E4585BEA1E4C31DF00EE170E /* WXEventModule.m in Sources */,
				E4585BB01E4C153B00EE170E /* ViewController.m in Sources */,
				E4585BE51E4C30EE00EE170E /* WXImgLoaderDefaultImpl.m in Sources */,
				E4585BAD1E4C153B00EE170E /* AppDelegate.m in Sources */,
				E4585BAA1E4C153B00EE170E /* main.m in Sources */,
			);
			runOnlyForDeploymentPostprocessing = 0;
		};
		E4585BBA1E4C153B00EE170E /* Sources */ = {
			isa = PBXSourcesBuildPhase;
			buildActionMask = 2147483647;
			files = (
				E4585BC31E4C153B00EE170E /* WeexStarterKitTests.m in Sources */,
			);
			runOnlyForDeploymentPostprocessing = 0;
		};
		E4585BC51E4C153B00EE170E /* Sources */ = {
			isa = PBXSourcesBuildPhase;
			buildActionMask = 2147483647;
			files = (
				E4585BCE1E4C153B00EE170E /* WeexStarterKitUITests.m in Sources */,
			);
			runOnlyForDeploymentPostprocessing = 0;
		};
/* End PBXSourcesBuildPhase section */

/* Begin PBXTargetDependency section */
		E4585BC01E4C153B00EE170E /* PBXTargetDependency */ = {
			isa = PBXTargetDependency;
			target = E4585BA41E4C153B00EE170E /* WeexStarterKit */;
			targetProxy = E4585BBF1E4C153B00EE170E /* PBXContainerItemProxy */;
		};
		E4585BCB1E4C153B00EE170E /* PBXTargetDependency */ = {
			isa = PBXTargetDependency;
			target = E4585BA41E4C153B00EE170E /* WeexStarterKit */;
			targetProxy = E4585BCA1E4C153B00EE170E /* PBXContainerItemProxy */;
		};
/* End PBXTargetDependency section */

/* Begin PBXVariantGroup section */
		E4585BB11E4C153B00EE170E /* Main.storyboard */ = {
			isa = PBXVariantGroup;
			children = (
				E4585BB21E4C153B00EE170E /* Base */,
			);
			name = Main.storyboard;
			sourceTree = "<group>";
		};
		E4585BB61E4C153B00EE170E /* LaunchScreen.storyboard */ = {
			isa = PBXVariantGroup;
			children = (
				E4585BB71E4C153B00EE170E /* Base */,
			);
			name = LaunchScreen.storyboard;
			sourceTree = "<group>";
		};
/* End PBXVariantGroup section */

/* Begin XCBuildConfiguration section */
		E4585BD01E4C153B00EE170E /* Debug */ = {
			isa = XCBuildConfiguration;
			buildSettings = {
				ALWAYS_SEARCH_USER_PATHS = NO;
				CLANG_ANALYZER_NONNULL = YES;
				CLANG_CXX_LANGUAGE_STANDARD = "gnu++0x";
				CLANG_CXX_LIBRARY = "libc++";
				CLANG_ENABLE_MODULES = YES;
				CLANG_ENABLE_OBJC_ARC = YES;
				CLANG_WARN_BLOCK_CAPTURE_AUTORELEASING = YES;
				CLANG_WARN_BOOL_CONVERSION = YES;
				CLANG_WARN_COMMA = YES;
				CLANG_WARN_CONSTANT_CONVERSION = YES;
				CLANG_WARN_DIRECT_OBJC_ISA_USAGE = YES_ERROR;
				CLANG_WARN_DOCUMENTATION_COMMENTS = YES;
				CLANG_WARN_EMPTY_BODY = YES;
				CLANG_WARN_ENUM_CONVERSION = YES;
				CLANG_WARN_INFINITE_RECURSION = YES;
				CLANG_WARN_INT_CONVERSION = YES;
				CLANG_WARN_NON_LITERAL_NULL_CONVERSION = YES;
				CLANG_WARN_OBJC_LITERAL_CONVERSION = YES;
				CLANG_WARN_OBJC_ROOT_CLASS = YES_ERROR;
				CLANG_WARN_RANGE_LOOP_ANALYSIS = YES;
				CLANG_WARN_STRICT_PROTOTYPES = YES;
				CLANG_WARN_SUSPICIOUS_MOVE = YES;
				CLANG_WARN_UNREACHABLE_CODE = YES;
				CLANG_WARN__DUPLICATE_METHOD_MATCH = YES;
				"CODE_SIGN_IDENTITY[sdk=iphoneos*]" = "iPhone Developer";
				COPY_PHASE_STRIP = NO;
				DEBUG_INFORMATION_FORMAT = dwarf;
				ENABLE_STRICT_OBJC_MSGSEND = YES;
				ENABLE_TESTABILITY = YES;
				GCC_C_LANGUAGE_STANDARD = gnu99;
				GCC_DYNAMIC_NO_PIC = NO;
				GCC_NO_COMMON_BLOCKS = YES;
				GCC_OPTIMIZATION_LEVEL = 0;
				GCC_PREPROCESSOR_DEFINITIONS = (
					"DEBUG=1",
					"$(inherited)",
				);
				GCC_WARN_64_TO_32_BIT_CONVERSION = YES;
				GCC_WARN_ABOUT_RETURN_TYPE = YES_ERROR;
				GCC_WARN_UNDECLARED_SELECTOR = YES;
				GCC_WARN_UNINITIALIZED_AUTOS = YES_AGGRESSIVE;
				GCC_WARN_UNUSED_FUNCTION = YES;
				GCC_WARN_UNUSED_VARIABLE = YES;
				IPHONEOS_DEPLOYMENT_TARGET = 10.2;
				MTL_ENABLE_DEBUG_INFO = YES;
				ONLY_ACTIVE_ARCH = YES;
				SDKROOT = iphoneos;
				TARGETED_DEVICE_FAMILY = "1,2";
			};
			name = Debug;
		};
		E4585BD11E4C153B00EE170E /* Release */ = {
			isa = XCBuildConfiguration;
			buildSettings = {
				ALWAYS_SEARCH_USER_PATHS = NO;
				CLANG_ANALYZER_NONNULL = YES;
				CLANG_CXX_LANGUAGE_STANDARD = "gnu++0x";
				CLANG_CXX_LIBRARY = "libc++";
				CLANG_ENABLE_MODULES = YES;
				CLANG_ENABLE_OBJC_ARC = YES;
				CLANG_WARN_BLOCK_CAPTURE_AUTORELEASING = YES;
				CLANG_WARN_BOOL_CONVERSION = YES;
				CLANG_WARN_COMMA = YES;
				CLANG_WARN_CONSTANT_CONVERSION = YES;
				CLANG_WARN_DIRECT_OBJC_ISA_USAGE = YES_ERROR;
				CLANG_WARN_DOCUMENTATION_COMMENTS = YES;
				CLANG_WARN_EMPTY_BODY = YES;
				CLANG_WARN_ENUM_CONVERSION = YES;
				CLANG_WARN_INFINITE_RECURSION = YES;
				CLANG_WARN_INT_CONVERSION = YES;
				CLANG_WARN_NON_LITERAL_NULL_CONVERSION = YES;
				CLANG_WARN_OBJC_LITERAL_CONVERSION = YES;
				CLANG_WARN_OBJC_ROOT_CLASS = YES_ERROR;
				CLANG_WARN_RANGE_LOOP_ANALYSIS = YES;
				CLANG_WARN_STRICT_PROTOTYPES = YES;
				CLANG_WARN_SUSPICIOUS_MOVE = YES;
				CLANG_WARN_UNREACHABLE_CODE = YES;
				CLANG_WARN__DUPLICATE_METHOD_MATCH = YES;
				"CODE_SIGN_IDENTITY[sdk=iphoneos*]" = "iPhone Developer";
				COPY_PHASE_STRIP = NO;
				DEBUG_INFORMATION_FORMAT = "dwarf-with-dsym";
				ENABLE_NS_ASSERTIONS = NO;
				ENABLE_STRICT_OBJC_MSGSEND = YES;
				GCC_C_LANGUAGE_STANDARD = gnu99;
				GCC_NO_COMMON_BLOCKS = YES;
				GCC_WARN_64_TO_32_BIT_CONVERSION = YES;
				GCC_WARN_ABOUT_RETURN_TYPE = YES_ERROR;
				GCC_WARN_UNDECLARED_SELECTOR = YES;
				GCC_WARN_UNINITIALIZED_AUTOS = YES_AGGRESSIVE;
				GCC_WARN_UNUSED_FUNCTION = YES;
				GCC_WARN_UNUSED_VARIABLE = YES;
				IPHONEOS_DEPLOYMENT_TARGET = 10.2;
				MTL_ENABLE_DEBUG_INFO = NO;
				SDKROOT = iphoneos;
				TARGETED_DEVICE_FAMILY = "1,2";
				VALIDATE_PRODUCT = YES;
			};
			name = Release;
		};
		E4585BD31E4C153B00EE170E /* Debug */ = {
			isa = XCBuildConfiguration;
			baseConfigurationReference = 77A6BDD26C1F4F76AB3A08CD /* Pods-WeexStarterKit.debug.xcconfig */;
			buildSettings = {
				ASSETCATALOG_COMPILER_APPICON_NAME = AppIcon;
				DEVELOPMENT_TEAM = E3N6UND2AV;
				INFOPLIST_FILE = WeexStarterKit/Info.plist;
				LD_RUNPATH_SEARCH_PATHS = "$(inherited) @executable_path/Frameworks";
				PRODUCT_BUNDLE_IDENTIFIER = doabit.WeexStarterKit;
				PRODUCT_NAME = "$(TARGET_NAME)";
			};
			name = Debug;
		};
		E4585BD41E4C153B00EE170E /* Release */ = {
			isa = XCBuildConfiguration;
			baseConfigurationReference = 46FF74D2DF732F64FC05ED90 /* Pods-WeexStarterKit.release.xcconfig */;
			buildSettings = {
				ASSETCATALOG_COMPILER_APPICON_NAME = AppIcon;
				DEVELOPMENT_TEAM = E3N6UND2AV;
				INFOPLIST_FILE = WeexStarterKit/Info.plist;
				LD_RUNPATH_SEARCH_PATHS = "$(inherited) @executable_path/Frameworks";
				PRODUCT_BUNDLE_IDENTIFIER = doabit.WeexStarterKit;
				PRODUCT_NAME = "$(TARGET_NAME)";
			};
			name = Release;
		};
		E4585BD61E4C153B00EE170E /* Debug */ = {
			isa = XCBuildConfiguration;
			buildSettings = {
				BUNDLE_LOADER = "$(TEST_HOST)";
				DEVELOPMENT_TEAM = E3N6UND2AV;
				INFOPLIST_FILE = WeexStarterKitTests/Info.plist;
				LD_RUNPATH_SEARCH_PATHS = "$(inherited) @executable_path/Frameworks @loader_path/Frameworks";
				PRODUCT_BUNDLE_IDENTIFIER = doabit.WeexStarterKitTests;
				PRODUCT_NAME = "$(TARGET_NAME)";
				TEST_HOST = "$(BUILT_PRODUCTS_DIR)/WeexStarterKit.app/WeexStarterKit";
			};
			name = Debug;
		};
		E4585BD71E4C153B00EE170E /* Release */ = {
			isa = XCBuildConfiguration;
			buildSettings = {
				BUNDLE_LOADER = "$(TEST_HOST)";
				DEVELOPMENT_TEAM = E3N6UND2AV;
				INFOPLIST_FILE = WeexStarterKitTests/Info.plist;
				LD_RUNPATH_SEARCH_PATHS = "$(inherited) @executable_path/Frameworks @loader_path/Frameworks";
				PRODUCT_BUNDLE_IDENTIFIER = doabit.WeexStarterKitTests;
				PRODUCT_NAME = "$(TARGET_NAME)";
				TEST_HOST = "$(BUILT_PRODUCTS_DIR)/WeexStarterKit.app/WeexStarterKit";
			};
			name = Release;
		};
		E4585BD91E4C153B00EE170E /* Debug */ = {
			isa = XCBuildConfiguration;
			baseConfigurationReference = 660C589372DCD9F9ACBC3010 /* Pods-WeexStarterKitUITests.debug.xcconfig */;
			buildSettings = {
				DEVELOPMENT_TEAM = E3N6UND2AV;
				INFOPLIST_FILE = WeexStarterKitUITests/Info.plist;
				LD_RUNPATH_SEARCH_PATHS = "$(inherited) @executable_path/Frameworks @loader_path/Frameworks";
				PRODUCT_BUNDLE_IDENTIFIER = doabit.WeexStarterKitUITests;
				PRODUCT_NAME = "$(TARGET_NAME)";
				TEST_TARGET_NAME = WeexStarterKit;
			};
			name = Debug;
		};
		E4585BDA1E4C153B00EE170E /* Release */ = {
			isa = XCBuildConfiguration;
			baseConfigurationReference = F435256BD5671FF4B0E5C5EC /* Pods-WeexStarterKitUITests.release.xcconfig */;
			buildSettings = {
				DEVELOPMENT_TEAM = E3N6UND2AV;
				INFOPLIST_FILE = WeexStarterKitUITests/Info.plist;
				LD_RUNPATH_SEARCH_PATHS = "$(inherited) @executable_path/Frameworks @loader_path/Frameworks";
				PRODUCT_BUNDLE_IDENTIFIER = doabit.WeexStarterKitUITests;
				PRODUCT_NAME = "$(TARGET_NAME)";
				TEST_TARGET_NAME = WeexStarterKit;
			};
			name = Release;
		};
/* End XCBuildConfiguration section */

/* Begin XCConfigurationList section */
		E4585BA01E4C153B00EE170E /* Build configuration list for PBXProject "WeexStarterKit" */ = {
			isa = XCConfigurationList;
			buildConfigurations = (
				E4585BD01E4C153B00EE170E /* Debug */,
				E4585BD11E4C153B00EE170E /* Release */,
			);
			defaultConfigurationIsVisible = 0;
			defaultConfigurationName = Release;
		};
		E4585BD21E4C153B00EE170E /* Build configuration list for PBXNativeTarget "WeexStarterKit" */ = {
			isa = XCConfigurationList;
			buildConfigurations = (
				E4585BD31E4C153B00EE170E /* Debug */,
				E4585BD41E4C153B00EE170E /* Release */,
			);
			defaultConfigurationIsVisible = 0;
			defaultConfigurationName = Release;
		};
		E4585BD51E4C153B00EE170E /* Build configuration list for PBXNativeTarget "WeexStarterKitTests" */ = {
			isa = XCConfigurationList;
			buildConfigurations = (
				E4585BD61E4C153B00EE170E /* Debug */,
				E4585BD71E4C153B00EE170E /* Release */,
			);
			defaultConfigurationIsVisible = 0;
			defaultConfigurationName = Release;
		};
		E4585BD81E4C153B00EE170E /* Build configuration list for PBXNativeTarget "WeexStarterKitUITests" */ = {
			isa = XCConfigurationList;
			buildConfigurations = (
				E4585BD91E4C153B00EE170E /* Debug */,
				E4585BDA1E4C153B00EE170E /* Release */,
			);
			defaultConfigurationIsVisible = 0;
			defaultConfigurationName = Release;
		};
/* End XCConfigurationList section */
	};
	rootObject = E4585B9D1E4C153B00EE170E /* Project object */;
}
